
Microsoft Visual Studio Solution File, Format Version 12.00
# Visual Studio Version 16
VisualStudioVersion = 16.0.30907.101
MinimumVisualStudioVersion = 10.0.40219.1
Project("{9A19103F-16F7-4668-BE54-9A1E7A4F7556}") = "LAB05-ED1", "LAB05-ED1.csproj", "{A59E1A0A-FF78-42BC-8C2F-E6D79A860996}"
	ProjectSection(ProjectDependencies) = postProject
		{6491AF15-0998-4AF6-ABCA-41E0B850AA92} = {6491AF15-0998-4AF6-ABCA-41E0B850AA92}
	EndProjectSection
EndProject
Project("{9A19103F-16F7-4668-BE54-9A1E7A4F7556}") = "ClassLibrary", "..\ClassLibrary\ClassLibrary.csproj", "{6491AF15-0998-4AF6-ABCA-41E0B850AA92}"
EndProject
Global
	GlobalSection(SolutionConfigurationPlatforms) = preSolution
		Debug|Any CPU = Debug|Any CPU
		Release|Any CPU = Release|Any CPU
	EndGlobalSection
	GlobalSection(ProjectConfigurationPlatforms) = postSolution
		{A59E1A0A-FF78-42BC-8C2F-E6D79A860996}.Debug|Any CPU.ActiveCfg = Debug|Any CPU
		{A59E1A0A-FF78-42BC-8C2F-E6D79A860996}.Debug|Any CPU.Build.0 = Debug|Any CPU
		{A59E1A0A-FF78-42BC-8C2F-E6D79A860996}.Release|Any CPU.ActiveCfg = Release|Any CPU
		{A59E1A0A-FF78-42BC-8C2F-E6D79A860996}.Release|Any CPU.Build.0 = Release|Any CPU
		{6491AF15-0998-4AF6-ABCA-41E0B850AA92}.Debug|Any CPU.ActiveCfg = Debug|Any CPU
		{6491AF15-0998-4AF6-ABCA-41E0B850AA92}.Debug|Any CPU.Build.0 = Debug|Any CPU
		{6491AF15-0998-4AF6-ABCA-41E0B850AA92}.Release|Any CPU.ActiveCfg = Release|Any CPU
		{6491AF15-0998-4AF6-ABCA-41E0B850AA92}.Release|Any CPU.Build.0 = Release|Any CPU
	EndGlobalSection
	GlobalSection(SolutionProperties) = preSolution
		HideSolutionNode = FALSE
	EndGlobalSection
	GlobalSection(ExtensibilityGlobals) = postSolution
		SolutionGuid = {5B6879C5-1CE0-4E7F-8E05-2C34EF6B2EAC}
	EndGlobalSection
EndGlobal
